PODS:
  - AppAuth (0.95.0)
  - GAppAuth (1.4.0):
    - GTMAppAuth (~> 0.7.1)
  - GTMAppAuth (0.7.1):
    - AppAuth (~> 0.95)
    - GTMSessionFetcher (~> 1.1)
  - GTMSessionFetcher (1.2.1):
    - GTMSessionFetcher/Full (= 1.2.1)
  - GTMSessionFetcher/Core (1.2.1)
  - GTMSessionFetcher/Full (1.2.1):
    - GTMSessionFetcher/Core (= 1.2.1)

DEPENDENCIES:
  - GAppAuth (from `../`)

SPEC REPOS:
  https://github.com/cocoapods/specs.git:
    - AppAuth
    - GTMAppAuth
    - GTMSessionFetcher

EXTERNAL SOURCES:
  GAppAuth:
    :path: "../"

SPEC CHECKSUMS:
  AppAuth: 137f6bb6fc9dfbaf2cf9f6fcff1d336ff0163bc6
  GAppAuth: 8cd755a49879bb120747550dbf7730d7451e6ac8
  GTMAppAuth: c5e41aaf039ac1ccc41543e6ea2ef7abd255ad41
  GTMSessionFetcher: 32aeca0aa144acea523e1c8e053089dec2cb98ca

PODFILE CHECKSUM: 9cbcc14c6fa2ef3042c58f9c2a05c31f7e6dd274

COCOAPODS: 1.6.1
